
Microsoft Visual Studio Solution File, Format Version 12.00
# Visual Studio Version 17
VisualStudioVersion = 17.2.32630.192
MinimumVisualStudioVersion = 10.0.40219.1
Project("{9A19103F-16F7-4668-BE54-9A1E7A4F7556}") = "HelloWorld", "HelloWorld\HelloWorld.csproj", "{ED72B380-7154-4777-9C06-6017223BC246}"
EndProject
Project("{9A19103F-16F7-4668-BE54-9A1E7A4F7556}") = "Variables", "Variables\Variables.csproj", "{B9883B54-2605-47CF-AE63-D98AE3D0D23B}"
EndProject
Project("{9A19103F-16F7-4668-BE54-9A1E7A4F7556}") = "decisiones", "decisiones\decisiones.csproj", "{69347797-3954-4BE3-993F-B435BEBBD90D}"
EndProject
Project("{9A19103F-16F7-4668-BE54-9A1E7A4F7556}") = "ConversorTemperaturas", "ConversorTemperaturas\ConversorTemperaturas.csproj", "{0BF894AC-AA3B-41B3-848D-120829A2FD87}"
EndProject
Project("{9A19103F-16F7-4668-BE54-9A1E7A4F7556}") = "Cadenas", "Cadenas\Cadenas.csproj", "{3A61718D-B3C5-4C0C-A4AF-E8D5E6BE26B8}"
EndProject
Project("{9A19103F-16F7-4668-BE54-9A1E7A4F7556}") = "CiclosFor", "CiclosFor\CiclosFor.csproj", "{C21B880A-D717-4883-9BB3-8875C3817360}"
EndProject
Project("{9A19103F-16F7-4668-BE54-9A1E7A4F7556}") = "CiclosWhile", "CiclosWhile\CiclosWhile.csproj", "{06739A6F-6CEB-4F4A-8C5A-4A472058E23D}"
EndProject
Project("{9A19103F-16F7-4668-BE54-9A1E7A4F7556}") = "ValidarAcceso", "ValidarAcceso\ValidarAcceso.csproj", "{A34773ED-7A9B-4353-ACF2-CC23421035CA}"
EndProject
Project("{9A19103F-16F7-4668-BE54-9A1E7A4F7556}") = "Funciones", "Funciones\Funciones.csproj", "{17E4B72A-B727-47DC-9C1E-EE5CC59D1E2E}"
EndProject
Project("{9A19103F-16F7-4668-BE54-9A1E7A4F7556}") = "gestionarVentas", "gestionarVentas\gestionarVentas.csproj", "{106B2326-343A-4B03-A4FA-511BC47C0803}"
EndProject
Project("{9A19103F-16F7-4668-BE54-9A1E7A4F7556}") = "Clases", "Clases\Clases.csproj", "{D5FAD60E-889D-49E4-9353-5937AB2F6AA4}"
EndProject
Project("{9A19103F-16F7-4668-BE54-9A1E7A4F7556}") = "ClasesAbstractasInterfaces", "ClasesAbstractasInterfaces\ClasesAbstractasInterfaces.csproj", "{0091D8C3-6C44-4271-AFD8-243EC04177B3}"
EndProject
Project("{9A19103F-16F7-4668-BE54-9A1E7A4F7556}") = "ArreglosListasDiccionarios", "ArreglosListasDiccionarios\ArreglosListasDiccionarios.csproj", "{8A31DF69-6A49-4422-BB1B-D600B7EE18D6}"
EndProject
Project("{9A19103F-16F7-4668-BE54-9A1E7A4F7556}") = "Excepciones", "Excepciones\Excepciones.csproj", "{1B2B22D7-82BE-4315-B001-000A43704821}"
EndProject
Project("{9A19103F-16F7-4668-BE54-9A1E7A4F7556}") = "Listas", "Listas\Listas.csproj", "{9AA9FF8C-67CF-4E56-85EC-1A17F568E9E1}"
EndProject
Project("{FAE04EC0-301F-11D3-BF4B-00C04F79EFBC}") = "ConexionBaseDeDatos", "ConexionBaseDeDatos\ConexionBaseDeDatos.csproj", "{C19EC77D-BAAC-4323-9819-B6EE54674C08}"
EndProject
Global
	GlobalSection(SolutionConfigurationPlatforms) = preSolution
		Debug|Any CPU = Debug|Any CPU
		Release|Any CPU = Release|Any CPU
	EndGlobalSection
	GlobalSection(ProjectConfigurationPlatforms) = postSolution
		{ED72B380-7154-4777-9C06-6017223BC246}.Debug|Any CPU.ActiveCfg = Debug|Any CPU
		{ED72B380-7154-4777-9C06-6017223BC246}.Debug|Any CPU.Build.0 = Debug|Any CPU
		{ED72B380-7154-4777-9C06-6017223BC246}.Release|Any CPU.ActiveCfg = Release|Any CPU
		{ED72B380-7154-4777-9C06-6017223BC246}.Release|Any CPU.Build.0 = Release|Any CPU
		{B9883B54-2605-47CF-AE63-D98AE3D0D23B}.Debug|Any CPU.ActiveCfg = Debug|Any CPU
		{B9883B54-2605-47CF-AE63-D98AE3D0D23B}.Debug|Any CPU.Build.0 = Debug|Any CPU
		{B9883B54-2605-47CF-AE63-D98AE3D0D23B}.Release|Any CPU.ActiveCfg = Release|Any CPU
		{B9883B54-2605-47CF-AE63-D98AE3D0D23B}.Release|Any CPU.Build.0 = Release|Any CPU
		{69347797-3954-4BE3-993F-B435BEBBD90D}.Debug|Any CPU.ActiveCfg = Debug|Any CPU
		{69347797-3954-4BE3-993F-B435BEBBD90D}.Debug|Any CPU.Build.0 = Debug|Any CPU
		{69347797-3954-4BE3-993F-B435BEBBD90D}.Release|Any CPU.ActiveCfg = Release|Any CPU
		{69347797-3954-4BE3-993F-B435BEBBD90D}.Release|Any CPU.Build.0 = Release|Any CPU
		{0BF894AC-AA3B-41B3-848D-120829A2FD87}.Debug|Any CPU.ActiveCfg = Debug|Any CPU
		{0BF894AC-AA3B-41B3-848D-120829A2FD87}.Debug|Any CPU.Build.0 = Debug|Any CPU
		{0BF894AC-AA3B-41B3-848D-120829A2FD87}.Release|Any CPU.ActiveCfg = Release|Any CPU
		{0BF894AC-AA3B-41B3-848D-120829A2FD87}.Release|Any CPU.Build.0 = Release|Any CPU
		{3A61718D-B3C5-4C0C-A4AF-E8D5E6BE26B8}.Debug|Any CPU.ActiveCfg = Debug|Any CPU
		{3A61718D-B3C5-4C0C-A4AF-E8D5E6BE26B8}.Debug|Any CPU.Build.0 = Debug|Any CPU
		{3A61718D-B3C5-4C0C-A4AF-E8D5E6BE26B8}.Release|Any CPU.ActiveCfg = Release|Any CPU
		{3A61718D-B3C5-4C0C-A4AF-E8D5E6BE26B8}.Release|Any CPU.Build.0 = Release|Any CPU
		{C21B880A-D717-4883-9BB3-8875C3817360}.Debug|Any CPU.ActiveCfg = Debug|Any CPU
		{C21B880A-D717-4883-9BB3-8875C3817360}.Debug|Any CPU.Build.0 = Debug|Any CPU
		{C21B880A-D717-4883-9BB3-8875C3817360}.Release|Any CPU.ActiveCfg = Release|Any CPU
		{C21B880A-D717-4883-9BB3-8875C3817360}.Release|Any CPU.Build.0 = Release|Any CPU
		{06739A6F-6CEB-4F4A-8C5A-4A472058E23D}.Debug|Any CPU.ActiveCfg = Debug|Any CPU
		{06739A6F-6CEB-4F4A-8C5A-4A472058E23D}.Debug|Any CPU.Build.0 = Debug|Any CPU
		{06739A6F-6CEB-4F4A-8C5A-4A472058E23D}.Release|Any CPU.ActiveCfg = Release|Any CPU
		{06739A6F-6CEB-4F4A-8C5A-4A472058E23D}.Release|Any CPU.Build.0 = Release|Any CPU
		{A34773ED-7A9B-4353-ACF2-CC23421035CA}.Debug|Any CPU.ActiveCfg = Debug|Any CPU
		{A34773ED-7A9B-4353-ACF2-CC23421035CA}.Debug|Any CPU.Build.0 = Debug|Any CPU
		{A34773ED-7A9B-4353-ACF2-CC23421035CA}.Release|Any CPU.ActiveCfg = Release|Any CPU
		{A34773ED-7A9B-4353-ACF2-CC23421035CA}.Release|Any CPU.Build.0 = Release|Any CPU
		{17E4B72A-B727-47DC-9C1E-EE5CC59D1E2E}.Debug|Any CPU.ActiveCfg = Debug|Any CPU
		{17E4B72A-B727-47DC-9C1E-EE5CC59D1E2E}.Debug|Any CPU.Build.0 = Debug|Any CPU
		{17E4B72A-B727-47DC-9C1E-EE5CC59D1E2E}.Release|Any CPU.ActiveCfg = Release|Any CPU
		{17E4B72A-B727-47DC-9C1E-EE5CC59D1E2E}.Release|Any CPU.Build.0 = Release|Any CPU
		{106B2326-343A-4B03-A4FA-511BC47C0803}.Debug|Any CPU.ActiveCfg = Debug|Any CPU
		{106B2326-343A-4B03-A4FA-511BC47C0803}.Debug|Any CPU.Build.0 = Debug|Any CPU
		{106B2326-343A-4B03-A4FA-511BC47C0803}.Release|Any CPU.ActiveCfg = Release|Any CPU
		{106B2326-343A-4B03-A4FA-511BC47C0803}.Release|Any CPU.Build.0 = Release|Any CPU
		{D5FAD60E-889D-49E4-9353-5937AB2F6AA4}.Debug|Any CPU.ActiveCfg = Debug|Any CPU
		{D5FAD60E-889D-49E4-9353-5937AB2F6AA4}.Debug|Any CPU.Build.0 = Debug|Any CPU
		{D5FAD60E-889D-49E4-9353-5937AB2F6AA4}.Release|Any CPU.ActiveCfg = Release|Any CPU
		{D5FAD60E-889D-49E4-9353-5937AB2F6AA4}.Release|Any CPU.Build.0 = Release|Any CPU
		{0091D8C3-6C44-4271-AFD8-243EC04177B3}.Debug|Any CPU.ActiveCfg = Debug|Any CPU
		{0091D8C3-6C44-4271-AFD8-243EC04177B3}.Debug|Any CPU.Build.0 = Debug|Any CPU
		{0091D8C3-6C44-4271-AFD8-243EC04177B3}.Release|Any CPU.ActiveCfg = Release|Any CPU
		{0091D8C3-6C44-4271-AFD8-243EC04177B3}.Release|Any CPU.Build.0 = Release|Any CPU
		{8A31DF69-6A49-4422-BB1B-D600B7EE18D6}.Debug|Any CPU.ActiveCfg = Debug|Any CPU
		{8A31DF69-6A49-4422-BB1B-D600B7EE18D6}.Debug|Any CPU.Build.0 = Debug|Any CPU
		{8A31DF69-6A49-4422-BB1B-D600B7EE18D6}.Release|Any CPU.ActiveCfg = Release|Any CPU
		{8A31DF69-6A49-4422-BB1B-D600B7EE18D6}.Release|Any CPU.Build.0 = Release|Any CPU
		{1B2B22D7-82BE-4315-B001-000A43704821}.Debug|Any CPU.ActiveCfg = Debug|Any CPU
		{1B2B22D7-82BE-4315-B001-000A43704821}.Debug|Any CPU.Build.0 = Debug|Any CPU
		{1B2B22D7-82BE-4315-B001-000A43704821}.Release|Any CPU.ActiveCfg = Release|Any CPU
		{1B2B22D7-82BE-4315-B001-000A43704821}.Release|Any CPU.Build.0 = Release|Any CPU
		{9AA9FF8C-67CF-4E56-85EC-1A17F568E9E1}.Debug|Any CPU.ActiveCfg = Debug|Any CPU
		{9AA9FF8C-67CF-4E56-85EC-1A17F568E9E1}.Debug|Any CPU.Build.0 = Debug|Any CPU
		{9AA9FF8C-67CF-4E56-85EC-1A17F568E9E1}.Release|Any CPU.ActiveCfg = Release|Any CPU
		{9AA9FF8C-67CF-4E56-85EC-1A17F568E9E1}.Release|Any CPU.Build.0 = Release|Any CPU
		{C19EC77D-BAAC-4323-9819-B6EE54674C08}.Debug|Any CPU.ActiveCfg = Debug|Any CPU
		{C19EC77D-BAAC-4323-9819-B6EE54674C08}.Debug|Any CPU.Build.0 = Debug|Any CPU
		{C19EC77D-BAAC-4323-9819-B6EE54674C08}.Release|Any CPU.ActiveCfg = Release|Any CPU
		{C19EC77D-BAAC-4323-9819-B6EE54674C08}.Release|Any CPU.Build.0 = Release|Any CPU
	EndGlobalSection
	GlobalSection(SolutionProperties) = preSolution
		HideSolutionNode = FALSE
	EndGlobalSection
	GlobalSection(ExtensibilityGlobals) = postSolution
		SolutionGuid = {942A71E1-8E95-4CDA-8D1D-7605E1DAF1B6}
	EndGlobalSection
EndGlobal
